
Microsoft Visual Studio Solution File, Format Version 12.00
# Visual Studio Version 17
VisualStudioVersion = 17.11.35222.181
MinimumVisualStudioVersion = 10.0.40219.1
Project("{FAE04EC0-301F-11D3-BF4B-00C04F79EFBC}") = "TestProject1", "TestProject1.csproj", "{EE015D01-1864-43CB-AEFA-883D07DA2AA5}"
EndProject
Global
	GlobalSection(SolutionConfigurationPlatforms) = preSolution
		Debug|Any CPU = Debug|Any CPU
		Release|Any CPU = Release|Any CPU
	EndGlobalSection
	GlobalSection(ProjectConfigurationPlatforms) = postSolution
		{EE015D01-1864-43CB-AEFA-883D07DA2AA5}.Debug|Any CPU.ActiveCfg = Debug|Any CPU
		{EE015D01-1864-43CB-AEFA-883D07DA2AA5}.Debug|Any CPU.Build.0 = Debug|Any CPU
		{EE015D01-1864-43CB-AEFA-883D07DA2AA5}.Release|Any CPU.ActiveCfg = Release|Any CPU
		{EE015D01-1864-43CB-AEFA-883D07DA2AA5}.Release|Any CPU.Build.0 = Release|Any CPU
	EndGlobalSection
	GlobalSection(SolutionProperties) = preSolution
		HideSolutionNode = FALSE
	EndGlobalSection
	GlobalSection(ExtensibilityGlobals) = postSolution
		SolutionGuid = {B282F85E-E2AE-48F8-9B28-F5C2FB18AC6C}
	EndGlobalSection
EndGlobal
