
Microsoft Visual Studio Solution File, Format Version 12.00
# Visual Studio Version 17
VisualStudioVersion = 17.11.35222.181
MinimumVisualStudioVersion = 10.0.40219.1
Project("{FAE04EC0-301F-11D3-BF4B-00C04F79EFBC}") = "ClassLibrary2", "ClassLibrary2.csproj", "{B6E5FCD8-C4D2-4EE5-A54C-FD9FBC80D6A2}"
EndProject
Project("{FAE04EC0-301F-11D3-BF4B-00C04F79EFBC}") = "TestProject3", "..\TestProject3\TestProject3.csproj", "{A68C3E5A-BC61-4093-823F-B302A7F7234F}"
EndProject
Global
	GlobalSection(SolutionConfigurationPlatforms) = preSolution
		Debug|Any CPU = Debug|Any CPU
		Release|Any CPU = Release|Any CPU
	EndGlobalSection
	GlobalSection(ProjectConfigurationPlatforms) = postSolution
		{B6E5FCD8-C4D2-4EE5-A54C-FD9FBC80D6A2}.Debug|Any CPU.ActiveCfg = Debug|Any CPU
		{B6E5FCD8-C4D2-4EE5-A54C-FD9FBC80D6A2}.Debug|Any CPU.Build.0 = Debug|Any CPU
		{B6E5FCD8-C4D2-4EE5-A54C-FD9FBC80D6A2}.Release|Any CPU.ActiveCfg = Release|Any CPU
		{B6E5FCD8-C4D2-4EE5-A54C-FD9FBC80D6A2}.Release|Any CPU.Build.0 = Release|Any CPU
		{A68C3E5A-BC61-4093-823F-B302A7F7234F}.Debug|Any CPU.ActiveCfg = Debug|Any CPU
		{A68C3E5A-BC61-4093-823F-B302A7F7234F}.Debug|Any CPU.Build.0 = Debug|Any CPU
		{A68C3E5A-BC61-4093-823F-B302A7F7234F}.Release|Any CPU.ActiveCfg = Release|Any CPU
		{A68C3E5A-BC61-4093-823F-B302A7F7234F}.Release|Any CPU.Build.0 = Release|Any CPU
	EndGlobalSection
	GlobalSection(SolutionProperties) = preSolution
		HideSolutionNode = FALSE
	EndGlobalSection
	GlobalSection(ExtensibilityGlobals) = postSolution
		SolutionGuid = {1D635344-DF7A-404D-A855-19377FDA5291}
	EndGlobalSection
EndGlobal
