
Microsoft Visual Studio Solution File, Format Version 12.00
# Visual Studio Version 17
VisualStudioVersion = 17.12.35424.110 d17.12
MinimumVisualStudioVersion = 10.0.40219.1
Project("{FAE04EC0-301F-11D3-BF4B-00C04F79EFBC}") = "TiOPO_4", "TiOPO_4\TiOPO_4.csproj", "{186E1EDF-033F-4EFA-A915-F7B8AD4A1A01}"
EndProject
Global
	GlobalSection(SolutionConfigurationPlatforms) = preSolution
		Debug|Any CPU = Debug|Any CPU
		Release|Any CPU = Release|Any CPU
	EndGlobalSection
	GlobalSection(ProjectConfigurationPlatforms) = postSolution
		{186E1EDF-033F-4EFA-A915-F7B8AD4A1A01}.Debug|Any CPU.ActiveCfg = Debug|Any CPU
		{186E1EDF-033F-4EFA-A915-F7B8AD4A1A01}.Debug|Any CPU.Build.0 = Debug|Any CPU
		{186E1EDF-033F-4EFA-A915-F7B8AD4A1A01}.Release|Any CPU.ActiveCfg = Release|Any CPU
		{186E1EDF-033F-4EFA-A915-F7B8AD4A1A01}.Release|Any CPU.Build.0 = Release|Any CPU
	EndGlobalSection
	GlobalSection(SolutionProperties) = preSolution
		HideSolutionNode = FALSE
	EndGlobalSection
EndGlobal
